{
  "name": "hackweek24",
  "lockfileVersion": 3,
  "requires": true,
  "packages": {
    "": {
      "dependencies": {
        "@asciidoctor/tabs": "^1.0.0-beta.6"
      }
    },
    "node_modules/@asciidoctor/tabs": {
      "version": "1.0.0-beta.6",
      "resolved": "https://registry.npmjs.org/@asciidoctor/tabs/-/tabs-1.0.0-beta.6.tgz",
      "integrity": "sha512-gGZnW7UfRXnbiyKNd9PpGKtSuD8+DsqaaTSbQ1dHVkZ76NaolLhdQg8RW6/xqN3pX1vWZEcF4e81+Oe9rNRWxg==",
      "license": "MIT",
      "engines": {
        "node": ">=16.0.0"
      }
    }
  }
}
